# This file is @generated by PDM.
# It is not intended for manual editing.

[metadata]
groups = ["default", "dev"]
strategy = ["cross_platform"]
lock_version = "4.4"
content_hash = "sha256:3e6eefabde377b4ffcbfb928dbb2b0ca30907ea074eb981583301cd15abf6947"

[[package]]
name = "arclet-alconna"
version = "1.7.39"
requires_python = ">=3.8"
summary = "A High-performance, Generality, Humane Command Line Arguments Parser Library."
dependencies = [
    "nepattern<0.6.0,>=0.5.14",
    "tarina>=0.4.1",
    "typing-extensions>=4.5.0",
]
files = [
    {file = "arclet_alconna-1.7.39-py3-none-any.whl", hash = "sha256:7743892bc496cc630c44ed552a68ad9782efa44289362cb07c05bb197f880f89"},
    {file = "arclet_alconna-1.7.39.tar.gz", hash = "sha256:90b466c8471ef9e10be4053efa19663c6806b521100abdb398abe19dab49b113"},
]

[[package]]
name = "arclet-alconna-tools"
version = "0.6.10"
requires_python = ">=3.8"
summary = "Builtin Tools for Alconna"
dependencies = [
    "arclet-alconna>=1.7.39",
    "nepattern>=0.5.15",
]
files = [
    {file = "arclet-alconna-tools-0.6.10.tar.gz", hash = "sha256:655e0b8ea76e6454dede4129513c3f40c38aeb60054139c2db2f2fa6f7c7c995"},
    {file = "arclet_alconna_tools-0.6.10-py3-none-any.whl", hash = "sha256:21d7676d2f110f78d6570ad9f7e7f2ffd10bd2ec9bc502deb9a3cb4ce3fee8c0"},
]

[[package]]
name = "fix-future-annotations"
version = "0.5.0"
requires_python = ">=3.8"
summary = "A CLI and pre-commit hook to upgrade the typing annotations syntax to PEP 585 and PEP 604"
dependencies = [
    "tokenize-rt>=5.0.0",
    "tomli; python_version < \"3.11\"",
]
files = [
    {file = "fix-future-annotations-0.5.0.tar.gz", hash = "sha256:666bf5fd09068f3403b34b2dc69844955a4a7bac4df28dd345183bd18172cbfd"},
    {file = "fix_future_annotations-0.5.0-py3-none-any.whl", hash = "sha256:45b5e73b36c514a23c2fbb2b7ff26448496399bda3b98a7b78a14439639f2e59"},
]

[[package]]
name = "nepattern"
version = "0.5.15"
requires_python = ">=3.8"
summary = "a complex pattern, support typing"
dependencies = [
    "tarina>=0.3.3",
    "typing-extensions>=4.5.0",
]
files = [
    {file = "nepattern-0.5.15-py3-none-any.whl", hash = "sha256:c68fc7c0c9b7835c956a89e0f91fd380b8e07880e183414871e83ef4a9fa0dbd"},
    {file = "nepattern-0.5.15.tar.gz", hash = "sha256:3b04b91b5856b9826b61737933911f570a75ba8116b9e2ff8fa83b4aa0211203"},
]

[[package]]
name = "tarina"
version = "0.4.2"
requires_python = ">=3.8"
summary = "A collection of common utils for Arclet"
dependencies = [
    "typing-extensions>=4.4.0",
]
files = [
    {file = "tarina-0.4.2-cp310-cp310-macosx_10_9_universal2.whl", hash = "sha256:c46b2b827a4d14f521c5f323e1cb8ed5350d3d9bf8e7828100265903526b9907"},
    {file = "tarina-0.4.2-cp310-cp310-macosx_10_9_x86_64.whl", hash = "sha256:dc78a3c653fdea3f2ae642584a6a55cf26856b4858875068a7cfca92b13bca6b"},
    {file = "tarina-0.4.2-cp310-cp310-macosx_11_0_arm64.whl", hash = "sha256:c1943cabd1707e52b1bfc478c33c48c04d6c0d3ef9425ad808265d7965142c3b"},
    {file = "tarina-0.4.2-cp310-cp310-manylinux_2_5_i686.manylinux1_i686.manylinux_2_17_i686.manylinux2014_i686.whl", hash = "sha256:872507bc155412ab71f202a9b28ee170bd395c7cf8dbee63bfe78845265717a2"},
    {file = "tarina-0.4.2-cp310-cp310-manylinux_2_5_x86_64.manylinux1_x86_64.manylinux_2_17_x86_64.manylinux2014_x86_64.whl", hash = "sha256:61aab6935092373fd53565ec7ba894ff9567e4620535a26362aeb66826f6d0d7"},
    {file = "tarina-0.4.2-cp310-cp310-musllinux_1_1_i686.whl", hash = "sha256:5ae2ccd7aa409d33ea14944533b93f15cee71a1a7f4547f0cfef1ad6153ed142"},
    {file = "tarina-0.4.2-cp310-cp310-musllinux_1_1_x86_64.whl", hash = "sha256:ee72b6a55215ad6acc1d50fbd227d972138adacc9f7c6a3f1c63080780d968ed"},
    {file = "tarina-0.4.2-cp310-cp310-win32.whl", hash = "sha256:4f417bb80c18d5f87f27bcb1e70d5eaae125578440c6bbe4c5275c6c633a7475"},
    {file = "tarina-0.4.2-cp310-cp310-win_amd64.whl", hash = "sha256:e54de934c6a754e27daf64a04d6ca287303f7b7e6f8ecee6cb8162577ffc2a6c"},
    {file = "tarina-0.4.2-cp311-cp311-macosx_10_9_universal2.whl", hash = "sha256:30ec63fce2556f9e63d8d774a74ef688d9c46dd04f198d3b9a653cd5c539fd5e"},
    {file = "tarina-0.4.2-cp311-cp311-macosx_10_9_x86_64.whl", hash = "sha256:03718dd5630daa7ee84f31ae258c979f168f4b58149a0647af706bff64268321"},
    {file = "tarina-0.4.2-cp311-cp311-macosx_11_0_arm64.whl", hash = "sha256:8d49030aefd8486fdb5b91e72c188451de216fb71c636cbd33a7eee5e6c73daf"},
    {file = "tarina-0.4.2-cp311-cp311-manylinux_2_5_i686.manylinux1_i686.manylinux_2_17_i686.manylinux2014_i686.whl", hash = "sha256:4ad962153c9f63ad1e89acd3d9bbbcee21b5ea07ee0e8dac06c6d2471ee8337d"},
    {file = "tarina-0.4.2-cp311-cp311-manylinux_2_5_x86_64.manylinux1_x86_64.manylinux_2_17_x86_64.manylinux2014_x86_64.whl", hash = "sha256:9e2a8a9bfd4a9a5907c2c64e163c374eaed24b1e0df3fe9d0bd7d52a9f730daa"},
    {file = "tarina-0.4.2-cp311-cp311-musllinux_1_1_i686.whl", hash = "sha256:50a2bea62c32cf9a6cd89f7eb1b2a1a5a5ca3b7533960abdcc77956121267de1"},
    {file = "tarina-0.4.2-cp311-cp311-musllinux_1_1_x86_64.whl", hash = "sha256:0c6c16b01783797cbd12eeef042a7ed96a5531b01b931e50ac5afb3d9d4d1634"},
    {file = "tarina-0.4.2-cp311-cp311-win32.whl", hash = "sha256:c4b54ebdfeb63f9a60ca4c70014784eb50c00ad892e9ad8211527e2d57108abb"},
    {file = "tarina-0.4.2-cp311-cp311-win_amd64.whl", hash = "sha256:b613afb8e3381f64e2ede5ad17b7c013515f601b8ce335dead5403aa5ac58281"},
    {file = "tarina-0.4.2-cp38-cp38-macosx_10_9_universal2.whl", hash = "sha256:a95da4a609cdf7e888e1688c0d332acf9c62633f81a40cf851ce3649c3fb9283"},
    {file = "tarina-0.4.2-cp38-cp38-macosx_10_9_x86_64.whl", hash = "sha256:a3cb636ec94d5f7a6bb7a7bfc451e484c6e8ea7bc04144eb4662d692923ca8ca"},
    {file = "tarina-0.4.2-cp38-cp38-macosx_11_0_arm64.whl", hash = "sha256:b1f4a76784f47a89e7e2bb44136fe8e07a636f50fbc4b24f0d8da63cc28ebf78"},
    {file = "tarina-0.4.2-cp38-cp38-manylinux_2_5_i686.manylinux1_i686.manylinux_2_17_i686.manylinux2014_i686.whl", hash = "sha256:45348f4ecfa21b84c103ef021b161020637c7a6aa02e02440fbe3418cc4a5654"},
    {file = "tarina-0.4.2-cp38-cp38-manylinux_2_5_x86_64.manylinux1_x86_64.manylinux_2_17_x86_64.manylinux2014_x86_64.whl", hash = "sha256:a1848011cf5707aad0899236bcc972f86ef5554ec4799a8ddf15ef53aea784ff"},
    {file = "tarina-0.4.2-cp38-cp38-musllinux_1_1_i686.whl", hash = "sha256:494ccf76d4428de18c59464f5a9e1c8b6d0bf598941a8b0d9f407729f81e0a95"},
    {file = "tarina-0.4.2-cp38-cp38-musllinux_1_1_x86_64.whl", hash = "sha256:0086c91358536549f61a6ac24861764ef1a607a91bd82a2dbd574392de26dff0"},
    {file = "tarina-0.4.2-cp38-cp38-win32.whl", hash = "sha256:c30618a7c8586719ff46c12b653d52e969c0a5105698f3fdbff8e5293b135b63"},
    {file = "tarina-0.4.2-cp38-cp38-win_amd64.whl", hash = "sha256:6b7b3bff3cbf0901f55c87739af297fd6692f53d3d3a55d0de12e7e41e4e7ff4"},
    {file = "tarina-0.4.2-cp39-cp39-macosx_10_9_universal2.whl", hash = "sha256:af75e381a0ae7481741f37221fa721816d78c6e34791ac14a29d41f148bfae49"},
    {file = "tarina-0.4.2-cp39-cp39-macosx_10_9_x86_64.whl", hash = "sha256:938fe8e9fe950eb4ab1824f72d55973cae98aaeacba1bf6ce2f6e5729f9b8555"},
    {file = "tarina-0.4.2-cp39-cp39-macosx_11_0_arm64.whl", hash = "sha256:46737007a43cfef9ba20409230beb49a6754de498930eb1105edf0687ce4d6d8"},
    {file = "tarina-0.4.2-cp39-cp39-manylinux_2_5_i686.manylinux1_i686.manylinux_2_17_i686.manylinux2014_i686.whl", hash = "sha256:dbbbdd2aee142d3c0888ebce2481ad15e4d505c040fee1b9c7809bf3c9e83649"},
    {file = "tarina-0.4.2-cp39-cp39-manylinux_2_5_x86_64.manylinux1_x86_64.manylinux_2_17_x86_64.manylinux2014_x86_64.whl", hash = "sha256:0b4781c783266e2d4eccc975ba79e1e0b4b465d267e616b5b44f32981a289a7a"},
    {file = "tarina-0.4.2-cp39-cp39-musllinux_1_1_i686.whl", hash = "sha256:01d1b3b0e0079e5f372111b149815d70d4a063a83f1a656d6acd91e67fa9c862"},
    {file = "tarina-0.4.2-cp39-cp39-musllinux_1_1_x86_64.whl", hash = "sha256:d493c5492a27964aa4f8fa65ac6eab172624b8d25718b1a5e2261102ac363b26"},
    {file = "tarina-0.4.2-cp39-cp39-win32.whl", hash = "sha256:df510f8d8a2cb5e684f2412d98a3f2654986e40c2a697be686f0b27f51ea7c36"},
    {file = "tarina-0.4.2-cp39-cp39-win_amd64.whl", hash = "sha256:646f74e7426acf2644461a2077b72677d964b5c064f6cb2df8c60c77580e1f89"},
    {file = "tarina-0.4.2-py3-none-any.whl", hash = "sha256:08650c08b1950e7346b13f20ff695d3d3d0d7a9d240521a7544c433ba326a736"},
    {file = "tarina-0.4.2.tar.gz", hash = "sha256:a719c31c1e65c5fb68c12fbacffe802f160678d2e6a9745d1241b924e9283791"},
]

[[package]]
name = "tokenize-rt"
version = "5.0.0"
requires_python = ">=3.7"
summary = "A wrapper around the stdlib `tokenize` which roundtrips."
files = [
    {file = "tokenize_rt-5.0.0-py2.py3-none-any.whl", hash = "sha256:c67772c662c6b3dc65edf66808577968fb10badfc2042e3027196bed4daf9e5a"},
    {file = "tokenize_rt-5.0.0.tar.gz", hash = "sha256:3160bc0c3e8491312d0485171dea861fc160a240f5f5766b72a1165408d10740"},
]

[[package]]
name = "tomli"
version = "2.0.1"
requires_python = ">=3.7"
summary = "A lil' TOML parser"
files = [
    {file = "tomli-2.0.1-py3-none-any.whl", hash = "sha256:939de3e7a6161af0c887ef91b7d41a53e7c5a1ca976325f429cb46ea9bc30ecc"},
    {file = "tomli-2.0.1.tar.gz", hash = "sha256:de526c12914f0c550d15924c62d72abc48d6fe7364aa87328337a31007fe8a4f"},
]

[[package]]
name = "typing-extensions"
version = "4.5.0"
requires_python = ">=3.7"
summary = "Backported and Experimental Type Hints for Python 3.7+"
files = [
    {file = "typing_extensions-4.5.0-py3-none-any.whl", hash = "sha256:fb33085c39dd998ac16d1431ebc293a8b3eedd00fd4a32de0ff79002c19511b4"},
    {file = "typing_extensions-4.5.0.tar.gz", hash = "sha256:5cb5f4a79139d699607b3ef622a1dedafa84e115ab0024e0d9c044a9479ca7cb"},
]
