# This file is @generated by PDM.
# It is not intended for manual editing.

[metadata]
groups = ["default", "dev"]
strategy = ["cross_platform"]
lock_version = "4.4.1"
content_hash = "sha256:97ae671bb676913bc37d7c230ebdfb1b87a4f8773ca3ca31be2e5257eaddcdba"

[[package]]
name = "arclet-alconna"
version = "1.8.11"
requires_python = ">=3.8"
summary = "A High-performance, Generality, Humane Command Line Arguments Parser Library."
dependencies = [
    "nepattern<1.0.0,>=0.7.0",
    "tarina>=0.4.4",
    "typing-extensions>=4.5.0",
]
files = [
    {file = "arclet_alconna-1.8.11-py3-none-any.whl", hash = "sha256:8a0c188400214abe2b72b2e6f4f23ed8d3021270654c15bc46cad62b725b7a44"},
    {file = "arclet_alconna-1.8.11.tar.gz", hash = "sha256:3fed5e946709d63b9d7ee7cddf32b145e1f931b8ea9d0b8174cac753d965e9c8"},
]

[[package]]
name = "arclet-alconna-tools"
version = "0.7.3"
requires_python = ">=3.8"
summary = "Builtin Tools for Alconna"
dependencies = [
    "arclet-alconna>=1.8.10",
    "nepattern<1.0.0,>=0.7.0",
]
files = [
    {file = "arclet_alconna_tools-0.7.3-py3-none-any.whl", hash = "sha256:e7d70025900d348ced62c824a5d7569c140e64714903f8498ed4b8e5f0b2c8fe"},
    {file = "arclet_alconna_tools-0.7.3.tar.gz", hash = "sha256:f150640182983902292ab1d50ca16a811ffd76bb46eac53fa2cd0479890da337"},
]

[[package]]
name = "fix-future-annotations"
version = "0.5.0"
requires_python = ">=3.8"
summary = "A CLI and pre-commit hook to upgrade the typing annotations syntax to PEP 585 and PEP 604"
dependencies = [
    "tokenize-rt>=5.0.0",
    "tomli; python_version < \"3.11\"",
]
files = [
    {file = "fix-future-annotations-0.5.0.tar.gz", hash = "sha256:666bf5fd09068f3403b34b2dc69844955a4a7bac4df28dd345183bd18172cbfd"},
    {file = "fix_future_annotations-0.5.0-py3-none-any.whl", hash = "sha256:45b5e73b36c514a23c2fbb2b7ff26448496399bda3b98a7b78a14439639f2e59"},
]

[[package]]
name = "nepattern"
version = "0.7.2"
requires_python = ">=3.8"
summary = "a complex pattern, support typing"
dependencies = [
    "tarina>=0.4.1",
    "typing-extensions>=4.5.0",
]
files = [
    {file = "nepattern-0.7.2-py3-none-any.whl", hash = "sha256:75406623a4a533628a6fb1996a7cc79d7b535a268e2a8bf4b405197175baecca"},
    {file = "nepattern-0.7.2.tar.gz", hash = "sha256:7869e7998d870c920611b7a25649fb451c57bf2de450fb5d2e87408ff2917885"},
]

[[package]]
name = "tarina"
version = "0.4.4"
requires_python = ">=3.8"
summary = "A collection of common utils for Arclet"
dependencies = [
    "typing-extensions>=4.4.0",
]
files = [
    {file = "tarina-0.4.4-cp310-cp310-macosx_10_9_universal2.whl", hash = "sha256:9d38b0cef20cac14c12ace52887bc5c88f74577ca8d04b3a77ab55cca371981b"},
    {file = "tarina-0.4.4-cp310-cp310-macosx_10_9_x86_64.whl", hash = "sha256:e4e037f9184de36b49be35659ca55f0e420df491e665ce22260bf02b4c8dc7b1"},
    {file = "tarina-0.4.4-cp310-cp310-macosx_11_0_arm64.whl", hash = "sha256:028ad7cb6135c1e383741de5e54e347d5bcf9fe074fc29b605d11d7a2b353a27"},
    {file = "tarina-0.4.4-cp310-cp310-manylinux_2_5_i686.manylinux1_i686.manylinux_2_17_i686.manylinux2014_i686.whl", hash = "sha256:31f028c88940d8c6f84b1d88ecd3ab2d0997b3e80037fb9cb5aa71abe43fd8b4"},
    {file = "tarina-0.4.4-cp310-cp310-manylinux_2_5_x86_64.manylinux1_x86_64.manylinux_2_17_x86_64.manylinux2014_x86_64.whl", hash = "sha256:991a4d765d190fab69cf22ec6ab3384b0e8d83adfa99728ed85e0f1e19330d94"},
    {file = "tarina-0.4.4-cp310-cp310-musllinux_1_1_i686.whl", hash = "sha256:3c049903e9e825d7e4ae603599d606ffa97a4ff5f82aea6b4528a339cc494e74"},
    {file = "tarina-0.4.4-cp310-cp310-musllinux_1_1_x86_64.whl", hash = "sha256:be37db1f33be5037f4681c3b49f2d7a5017203a4e3c4a5ca94a1c70e6034d2d2"},
    {file = "tarina-0.4.4-cp310-cp310-win32.whl", hash = "sha256:6ad8eacbc3cc7f98738935e5eb0f44d6e2bd1eea2f2bdca34f8b032a63ea7f2e"},
    {file = "tarina-0.4.4-cp310-cp310-win_amd64.whl", hash = "sha256:b7619639db162816a769cc8a1fe2b4b498f1bd60b67473dca60fae71127521df"},
    {file = "tarina-0.4.4-cp311-cp311-macosx_10_9_universal2.whl", hash = "sha256:a75bb9751adecbe34681ca4fb9284d6c3caffd7fedf5909056e4121dfe37febf"},
    {file = "tarina-0.4.4-cp311-cp311-macosx_10_9_x86_64.whl", hash = "sha256:b5acb0e64743b416ceb923b5a9d4014ec30d368d8aedc3bdd29c1cbb64e843d4"},
    {file = "tarina-0.4.4-cp311-cp311-macosx_11_0_arm64.whl", hash = "sha256:8713363c61d09827ab32a65cece5f1d92fdc58744b2975f4c662bf2b723c8ce5"},
    {file = "tarina-0.4.4-cp311-cp311-manylinux_2_5_i686.manylinux1_i686.manylinux_2_17_i686.manylinux2014_i686.whl", hash = "sha256:62a476cc2d412af59754064f1b35c45c4ded86864a9d7cb25cce7fdaa83d8d47"},
    {file = "tarina-0.4.4-cp311-cp311-manylinux_2_5_x86_64.manylinux1_x86_64.manylinux_2_17_x86_64.manylinux2014_x86_64.whl", hash = "sha256:a5d2a7b5f2535e60f26bdd3505ac7876b55c77e5b943c89336b48bfde50258a5"},
    {file = "tarina-0.4.4-cp311-cp311-musllinux_1_1_i686.whl", hash = "sha256:20faca8afcec56965e8b176a7d65e63e5d20878d4956f4b429dba4f3fed3c227"},
    {file = "tarina-0.4.4-cp311-cp311-musllinux_1_1_x86_64.whl", hash = "sha256:2b5e524a56da5fb6083128426bce0aa3f19db3ba0780e444e420a7a92ff58a8b"},
    {file = "tarina-0.4.4-cp311-cp311-win32.whl", hash = "sha256:a7ebc754eff79ce483d1933e1da3f8b25dd49963160347b60665233bee980c04"},
    {file = "tarina-0.4.4-cp311-cp311-win_amd64.whl", hash = "sha256:a23421a1404871bf16ff70615cfbe8464ab64b5483b4807d201b8e17b5ad503c"},
    {file = "tarina-0.4.4-cp312-cp312-macosx_10_9_universal2.whl", hash = "sha256:6b4e686a0a574d3c8eb13eccb2d36bc0779cbd6b7efe981f74a96a6b434e5530"},
    {file = "tarina-0.4.4-cp312-cp312-macosx_10_9_x86_64.whl", hash = "sha256:ea76835a3f891fac3609771f2faa064eb378fb7194ea45b9f1cc3fd4d4330396"},
    {file = "tarina-0.4.4-cp312-cp312-macosx_11_0_arm64.whl", hash = "sha256:8f44e6a9597e3739b280007d71e98c91232c5d45e4207072969c3c7ef59cc86c"},
    {file = "tarina-0.4.4-cp312-cp312-manylinux_2_5_i686.manylinux1_i686.manylinux_2_17_i686.manylinux2014_i686.whl", hash = "sha256:bf22760fd28bbc724f3620b46b6e2c88d80056eac3d697937d689893ada5802d"},
    {file = "tarina-0.4.4-cp312-cp312-manylinux_2_5_x86_64.manylinux1_x86_64.manylinux_2_17_x86_64.manylinux2014_x86_64.whl", hash = "sha256:69824c4b3df87ea1bf6236a0f277d88313b1c5752fe34f5b72e9c352a17bda77"},
    {file = "tarina-0.4.4-cp312-cp312-musllinux_1_1_i686.whl", hash = "sha256:9c31e3953e8ebca9e54021bd832d5516eeed88ff237aa58aec9b17fb842b422b"},
    {file = "tarina-0.4.4-cp312-cp312-musllinux_1_1_x86_64.whl", hash = "sha256:f001294ecfeb6c9e839c2c70f0b2df98bba85431e10b29eff84b464006ef3d65"},
    {file = "tarina-0.4.4-cp312-cp312-win32.whl", hash = "sha256:3118f9064fbab379b027bc8c350125f0df88900c2b4fc81a7e547cbe886d7064"},
    {file = "tarina-0.4.4-cp312-cp312-win_amd64.whl", hash = "sha256:5eb804bdadac276961cc2686cb7646295a028d4f64f15935403db27f7376ac03"},
    {file = "tarina-0.4.4-cp38-cp38-macosx_10_9_universal2.whl", hash = "sha256:552859855b381c6a6de388041c7fa841121c1e53456225b298a983f5f4b293a3"},
    {file = "tarina-0.4.4-cp38-cp38-macosx_10_9_x86_64.whl", hash = "sha256:73499bc7384268a64ebb733d66fdcf2aaa50b5199ac06599232835bbc7f29337"},
    {file = "tarina-0.4.4-cp38-cp38-macosx_11_0_arm64.whl", hash = "sha256:d698de954c9e0ffc705a0b1bb74fecfb77f172ede08e6548267d35367b8b41ad"},
    {file = "tarina-0.4.4-cp38-cp38-manylinux_2_5_i686.manylinux1_i686.manylinux_2_17_i686.manylinux2014_i686.whl", hash = "sha256:3f10ac4857398edbcd68a9e6f4a16ef955f602cf294176cd57a8f2d1e246fffb"},
    {file = "tarina-0.4.4-cp38-cp38-manylinux_2_5_x86_64.manylinux1_x86_64.manylinux_2_17_x86_64.manylinux2014_x86_64.whl", hash = "sha256:4f4af561af7600fb93bc2267f29cfb36c352a2e3f34b569e61e07f2572e4343b"},
    {file = "tarina-0.4.4-cp38-cp38-musllinux_1_1_i686.whl", hash = "sha256:77adcea63771e29ccc3ff012e7701fc38bc0b94850a087970e1e6c7c6fd73cd3"},
    {file = "tarina-0.4.4-cp38-cp38-musllinux_1_1_x86_64.whl", hash = "sha256:17a1992dd9a38ec88f649d71d4fde59074d82e740716fc499364d5f85592d512"},
    {file = "tarina-0.4.4-cp38-cp38-win32.whl", hash = "sha256:0fe351c611786204f937f3dbe8e53f1f36e5aaafb1416df3db182811ef2fc685"},
    {file = "tarina-0.4.4-cp38-cp38-win_amd64.whl", hash = "sha256:1f75c31eaaf6728deaf23782b8a528fe1888bb33eefb42614188709be62f7f2d"},
    {file = "tarina-0.4.4-cp39-cp39-macosx_10_9_universal2.whl", hash = "sha256:ca8a8ac958d7b891d6275bbc0cb63038cdd463acc7cdf3ea24b62a6b6d361f4d"},
    {file = "tarina-0.4.4-cp39-cp39-macosx_10_9_x86_64.whl", hash = "sha256:ef7aa8b91e9bedefced4037654c30d4ca54007fe015570fdbe15ec8feb8032fc"},
    {file = "tarina-0.4.4-cp39-cp39-macosx_11_0_arm64.whl", hash = "sha256:cdbe084c2f3049f1b0b7462f7f5637870dacffe13340d74e4a4652c725f191bf"},
    {file = "tarina-0.4.4-cp39-cp39-manylinux_2_5_i686.manylinux1_i686.manylinux_2_17_i686.manylinux2014_i686.whl", hash = "sha256:c2e046b5766ec8b92f57fcf2be4ad3fa7349e88aebb613971588e925d37c5b05"},
    {file = "tarina-0.4.4-cp39-cp39-manylinux_2_5_x86_64.manylinux1_x86_64.manylinux_2_17_x86_64.manylinux2014_x86_64.whl", hash = "sha256:9b14d0171c72134bd9267fbd86e87b7d01b4cfbfb0a11ac5ce3d4e4d925752fc"},
    {file = "tarina-0.4.4-cp39-cp39-musllinux_1_1_i686.whl", hash = "sha256:c138e6790d5f03be90e51e585e625a1b036f18c5739d55ec36578a52bb4d4fdb"},
    {file = "tarina-0.4.4-cp39-cp39-musllinux_1_1_x86_64.whl", hash = "sha256:2c4d7008677631eeb071fb9897019db4553b47bed5e5bdb1c5616c948b53a5e0"},
    {file = "tarina-0.4.4-cp39-cp39-win32.whl", hash = "sha256:bce161cd11c7c5306169e050b316e0421a10ca1bba02f1a1f9c2a226a64dc013"},
    {file = "tarina-0.4.4-cp39-cp39-win_amd64.whl", hash = "sha256:c392456d23594be690a6d1124cb550ae7387694369518c5c5b1aa5354b542ead"},
    {file = "tarina-0.4.4-py3-none-any.whl", hash = "sha256:1c2a10a993119c4a857d721a3b1d6ad0f28193cbcab14b0887abef5940fe0e38"},
    {file = "tarina-0.4.4.tar.gz", hash = "sha256:a72d1f45ebce420199ba2bfb41a1c8269b3cc71fb89f9d5526fd3481b25f8350"},
]

[[package]]
name = "tokenize-rt"
version = "5.0.0"
requires_python = ">=3.7"
summary = "A wrapper around the stdlib `tokenize` which roundtrips."
files = [
    {file = "tokenize_rt-5.0.0-py2.py3-none-any.whl", hash = "sha256:c67772c662c6b3dc65edf66808577968fb10badfc2042e3027196bed4daf9e5a"},
    {file = "tokenize_rt-5.0.0.tar.gz", hash = "sha256:3160bc0c3e8491312d0485171dea861fc160a240f5f5766b72a1165408d10740"},
]

[[package]]
name = "tomli"
version = "2.0.1"
requires_python = ">=3.7"
summary = "A lil' TOML parser"
files = [
    {file = "tomli-2.0.1-py3-none-any.whl", hash = "sha256:939de3e7a6161af0c887ef91b7d41a53e7c5a1ca976325f429cb46ea9bc30ecc"},
    {file = "tomli-2.0.1.tar.gz", hash = "sha256:de526c12914f0c550d15924c62d72abc48d6fe7364aa87328337a31007fe8a4f"},
]

[[package]]
name = "typing-extensions"
version = "4.5.0"
requires_python = ">=3.7"
summary = "Backported and Experimental Type Hints for Python 3.7+"
files = [
    {file = "typing_extensions-4.5.0-py3-none-any.whl", hash = "sha256:fb33085c39dd998ac16d1431ebc293a8b3eedd00fd4a32de0ff79002c19511b4"},
    {file = "typing_extensions-4.5.0.tar.gz", hash = "sha256:5cb5f4a79139d699607b3ef622a1dedafa84e115ab0024e0d9c044a9479ca7cb"},
]
